
Microsoft Visual Studio Solution File, Format Version 12.00
# Visual Studio Version 17
VisualStudioVersion = 17.8.34330.188
MinimumVisualStudioVersion = 10.0.40219.1
Project("{FAE04EC0-301F-11D3-BF4B-00C04F79EFBC}") = "Assignment", "Assignment\Assignment.csproj", "{158F3A09-E7F8-4071-B333-01E2EB950758}"
EndProject
Global
	GlobalSection(SolutionConfigurationPlatforms) = preSolution
		Debug|Any CPU = Debug|Any CPU
		Release|Any CPU = Release|Any CPU
	EndGlobalSection
	GlobalSection(ProjectConfigurationPlatforms) = postSolution
		{158F3A09-E7F8-4071-B333-01E2EB950758}.Debug|Any CPU.ActiveCfg = Debug|Any CPU
		{158F3A09-E7F8-4071-B333-01E2EB950758}.Debug|Any CPU.Build.0 = Debug|Any CPU
		{158F3A09-E7F8-4071-B333-01E2EB950758}.Release|Any CPU.ActiveCfg = Release|Any CPU
		{158F3A09-E7F8-4071-B333-01E2EB950758}.Release|Any CPU.Build.0 = Release|Any CPU
	EndGlobalSection
	GlobalSection(SolutionProperties) = preSolution
		HideSolutionNode = FALSE
	EndGlobalSection
	GlobalSection(ExtensibilityGlobals) = postSolution
		SolutionGuid = {EB26DD4E-DF11-4607-8481-FB5F680E9B5E}
	EndGlobalSection
EndGlobal
